
Microsoft Visual Studio Solution File, Format Version 12.00
# Visual Studio 15
VisualStudioVersion = 15.0.26730.16
MinimumVisualStudioVersion = 10.0.40219.1
Project("{FAE04EC0-301F-11D3-BF4B-00C04F79EFBC}") = "AdvancedGridView", "AdvancedGridView\AdvancedGridView.csproj", "{D05FA70F-B011-443C-B108-F7533486A550}"
EndProject
Global
	GlobalSection(SolutionConfigurationPlatforms) = preSolution
		Debug|Any CPU = Debug|Any CPU
		Release|Any CPU = Release|Any CPU
	EndGlobalSection
	GlobalSection(ProjectConfigurationPlatforms) = postSolution
		{D05FA70F-B011-443C-B108-F7533486A550}.Debug|Any CPU.ActiveCfg = Debug|Any CPU
		{D05FA70F-B011-443C-B108-F7533486A550}.Debug|Any CPU.Build.0 = Debug|Any CPU
		{D05FA70F-B011-443C-B108-F7533486A550}.Release|Any CPU.ActiveCfg = Release|Any CPU
		{D05FA70F-B011-443C-B108-F7533486A550}.Release|Any CPU.Build.0 = Release|Any CPU
	EndGlobalSection
	GlobalSection(SolutionProperties) = preSolution
		HideSolutionNode = FALSE
	EndGlobalSection
	GlobalSection(ExtensibilityGlobals) = postSolution
		SolutionGuid = {5BEE9346-0406-4AA2-891A-9117A6E4D0CA}
	EndGlobalSection
EndGlobal
